
Microsoft Visual Studio Solution File, Format Version 12.00
# Visual Studio Version 16
VisualStudioVersion = 16.0.32413.511
MinimumVisualStudioVersion = 10.0.40219.1
Project("{FAE04EC0-301F-11D3-BF4B-00C04F79EFBC}") = "Project1", "Project1\Project1.csproj", "{38A33BE2-AB97-4E4A-8BF2-7CED4F997A77}"
EndProject
Project("{2150E333-8FDC-42A3-9474-1A3956D46DE8}") = "解决方案项", "解决方案项", "{ADDE1D6D-79B6-4D09-845F-1566C70BAC73}"
	ProjectSection(SolutionItems) = preProject
		.editorconfig = .editorconfig
	EndProjectSection
EndProject
Global
	GlobalSection(SolutionConfigurationPlatforms) = preSolution
		Debug|Any CPU = Debug|Any CPU
		Release|Any CPU = Release|Any CPU
	EndGlobalSection
	GlobalSection(ProjectConfigurationPlatforms) = postSolution
		{38A33BE2-AB97-4E4A-8BF2-7CED4F997A77}.Debug|Any CPU.ActiveCfg = Debug|Any CPU
		{38A33BE2-AB97-4E4A-8BF2-7CED4F997A77}.Debug|Any CPU.Build.0 = Debug|Any CPU
		{38A33BE2-AB97-4E4A-8BF2-7CED4F997A77}.Release|Any CPU.ActiveCfg = Release|Any CPU
		{38A33BE2-AB97-4E4A-8BF2-7CED4F997A77}.Release|Any CPU.Build.0 = Release|Any CPU
	EndGlobalSection
	GlobalSection(SolutionProperties) = preSolution
		HideSolutionNode = FALSE
	EndGlobalSection
	GlobalSection(ExtensibilityGlobals) = postSolution
		SolutionGuid = {568D2A39-3C61-409A-919B-1A4805A1B5DC}
	EndGlobalSection
EndGlobal
